
Microsoft Visual Studio Solution File, Format Version 12.00
# Visual Studio Version 16
VisualStudioVersion = 16.0.31402.337
MinimumVisualStudioVersion = 10.0.40219.1
Project("{FAE04EC0-301F-11D3-BF4B-00C04F79EFBC}") = "MyUtilites", "MyUtilites.csproj", "{355D9945-53AF-4641-B66C-9A91384C8EF0}"
EndProject
Global
	GlobalSection(SolutionConfigurationPlatforms) = preSolution
		Debug|Any CPU = Debug|Any CPU
		Release|Any CPU = Release|Any CPU
	EndGlobalSection
	GlobalSection(ProjectConfigurationPlatforms) = postSolution
		{355D9945-53AF-4641-B66C-9A91384C8EF0}.Debug|Any CPU.ActiveCfg = Debug|Any CPU
		{355D9945-53AF-4641-B66C-9A91384C8EF0}.Debug|Any CPU.Build.0 = Debug|Any CPU
		{355D9945-53AF-4641-B66C-9A91384C8EF0}.Release|Any CPU.ActiveCfg = Release|Any CPU
		{355D9945-53AF-4641-B66C-9A91384C8EF0}.Release|Any CPU.Build.0 = Release|Any CPU
	EndGlobalSection
	GlobalSection(SolutionProperties) = preSolution
		HideSolutionNode = FALSE
	EndGlobalSection
	GlobalSection(ExtensibilityGlobals) = postSolution
		SolutionGuid = {D2914D37-17AA-4B5A-8B60-AF0FFC424904}
	EndGlobalSection
EndGlobal
